# generated by rye
# use `rye lock` or `rye sync` to update this lockfile
#
# last locked with the following flags:
#   pre: false
#   features: []
#   all-features: false
#   with-sources: false

-e file:.
async-timeout==4.0.3
    # via redis
blinker==1.8.2
    # via flask
certifi==2024.2.2
    # via requests
charset-normalizer==3.3.2
    # via requests
click==8.1.7
    # via flask
dash==2.17.0
    # via plotly-resampler
dash-core-components==2.0.0
    # via dash
dash-html-components==2.0.0
    # via dash
dash-table==5.0.0
    # via dash
flask==3.0.3
    # via dash
idna==3.7
    # via requests
importlib-metadata==7.1.0
    # via dash
    # via flask
itsdangerous==2.2.0
    # via flask
jinja2==3.1.4
    # via flask
markupsafe==2.1.5
    # via jinja2
    # via werkzeug
nest-asyncio==1.6.0
    # via dash
numpy==1.24.4
    # via pandas
    # via plotly-resampler
    # via tsdownsample
orjson==3.10.3
    # via plotly-resampler
packaging==24.0
    # via plotly
pandas==2.0.3
    # via plotly-resampler
plotly==5.22.0
    # via dash
    # via plotly-resampler
    # via tair-pulse
plotly-resampler==0.10.0
    # via tair-pulse
python-dateutil==2.9.0.post0
    # via pandas
pytz==2024.1
    # via pandas
redis==5.0.4
    # via tair-pulse
requests==2.31.0
    # via dash
retrying==1.3.4
    # via dash
setuptools==69.5.1
    # via dash
six==1.16.0
    # via python-dateutil
    # via retrying
tenacity==8.3.0
    # via plotly
tsdownsample==0.1.3
    # via plotly-resampler
typing-extensions==4.11.0
    # via dash
tzdata==2024.1
    # via pandas
urllib3==2.2.1
    # via requests
werkzeug==3.0.3
    # via dash
    # via flask
zipp==3.18.1
    # via importlib-metadata
